
Microsoft Visual Studio Solution File, Format Version 12.00
# Visual Studio Version 16
VisualStudioVersion = 16.0.32413.511
MinimumVisualStudioVersion = 10.0.40219.1
Project("{FAE04EC0-301F-11D3-BF4B-00C04F79EFBC}") = "Html-Serializer", "Html-Serializer\Html-Serializer.csproj", "{A0B99D8C-129E-4A2D-98AD-86EE5C32B559}"
EndProject
Global
	GlobalSection(SolutionConfigurationPlatforms) = preSolution
		Debug|Any CPU = Debug|Any CPU
		Release|Any CPU = Release|Any CPU
	EndGlobalSection
	GlobalSection(ProjectConfigurationPlatforms) = postSolution
		{A0B99D8C-129E-4A2D-98AD-86EE5C32B559}.Debug|Any CPU.ActiveCfg = Debug|Any CPU
		{A0B99D8C-129E-4A2D-98AD-86EE5C32B559}.Debug|Any CPU.Build.0 = Debug|Any CPU
		{A0B99D8C-129E-4A2D-98AD-86EE5C32B559}.Release|Any CPU.ActiveCfg = Release|Any CPU
		{A0B99D8C-129E-4A2D-98AD-86EE5C32B559}.Release|Any CPU.Build.0 = Release|Any CPU
	EndGlobalSection
	GlobalSection(SolutionProperties) = preSolution
		HideSolutionNode = FALSE
	EndGlobalSection
	GlobalSection(ExtensibilityGlobals) = postSolution
		SolutionGuid = {BE758C42-6BDD-4E36-8FFB-3CCDC556B82C}
	EndGlobalSection
EndGlobal
